
Microsoft Visual Studio Solution File, Format Version 12.00
# Visual Studio Version 17
VisualStudioVersion = 17.1.32407.343
MinimumVisualStudioVersion = 10.0.40219.1
Project("{9A19103F-16F7-4668-BE54-9A1E7A4F7556}") = "Submarine_UnitTests", "Submarine_UnitTests\Submarine_UnitTests.csproj", "{4060B009-7276-46C6-A469-782BC5F421FF}"
EndProject
Project("{FAE04EC0-301F-11D3-BF4B-00C04F79EFBC}") = "Submarine", "Submarine\Submarine.csproj", "{A78CFA4F-3EAB-4ACF-AACB-31A1BAD08756}"
EndProject
Global
	GlobalSection(SolutionConfigurationPlatforms) = preSolution
		Debug|Any CPU = Debug|Any CPU
		Release|Any CPU = Release|Any CPU
	EndGlobalSection
	GlobalSection(ProjectConfigurationPlatforms) = postSolution
		{4060B009-7276-46C6-A469-782BC5F421FF}.Debug|Any CPU.ActiveCfg = Debug|Any CPU
		{4060B009-7276-46C6-A469-782BC5F421FF}.Debug|Any CPU.Build.0 = Debug|Any CPU
		{4060B009-7276-46C6-A469-782BC5F421FF}.Release|Any CPU.ActiveCfg = Release|Any CPU
		{4060B009-7276-46C6-A469-782BC5F421FF}.Release|Any CPU.Build.0 = Release|Any CPU
		{A78CFA4F-3EAB-4ACF-AACB-31A1BAD08756}.Debug|Any CPU.ActiveCfg = Debug|Any CPU
		{A78CFA4F-3EAB-4ACF-AACB-31A1BAD08756}.Debug|Any CPU.Build.0 = Debug|Any CPU
		{A78CFA4F-3EAB-4ACF-AACB-31A1BAD08756}.Release|Any CPU.ActiveCfg = Release|Any CPU
		{A78CFA4F-3EAB-4ACF-AACB-31A1BAD08756}.Release|Any CPU.Build.0 = Release|Any CPU
	EndGlobalSection
	GlobalSection(SolutionProperties) = preSolution
		HideSolutionNode = FALSE
	EndGlobalSection
	GlobalSection(ExtensibilityGlobals) = postSolution
		SolutionGuid = {3E0F3116-7D86-493B-8C96-B77F4283B8F2}
	EndGlobalSection
EndGlobal
